
Microsoft Visual Studio Solution File, Format Version 12.00
# Visual Studio Version 17
VisualStudioVersion = 17.8.34330.188
MinimumVisualStudioVersion = 10.0.40219.1
Project("{9A19103F-16F7-4668-BE54-9A1E7A4F7556}") = "roblox-cs", "RobloxCS\roblox-cs.csproj", "{B61F0F15-38BF-4A07-A08C-DD309F4EFF33}"
EndProject
Global
	GlobalSection(SolutionConfigurationPlatforms) = preSolution
		Debug|Any CPU = Debug|Any CPU
		Release|Any CPU = Release|Any CPU
	EndGlobalSection
	GlobalSection(ProjectConfigurationPlatforms) = postSolution
		{B61F0F15-38BF-4A07-A08C-DD309F4EFF33}.Debug|Any CPU.ActiveCfg = Debug|Any CPU
		{B61F0F15-38BF-4A07-A08C-DD309F4EFF33}.Debug|Any CPU.Build.0 = Debug|Any CPU
		{B61F0F15-38BF-4A07-A08C-DD309F4EFF33}.Release|Any CPU.ActiveCfg = Release|Any CPU
		{B61F0F15-38BF-4A07-A08C-DD309F4EFF33}.Release|Any CPU.Build.0 = Release|Any CPU
	EndGlobalSection
	GlobalSection(SolutionProperties) = preSolution
		HideSolutionNode = FALSE
	EndGlobalSection
	GlobalSection(ExtensibilityGlobals) = postSolution
		SolutionGuid = {5C9B4FC3-25E8-401B-AC78-69DE5D1AFA9C}
	EndGlobalSection
EndGlobal
